<Solution>
  <Folder Name="/src/">
    <Project Path="src/NoesisToolkit.XamlCompiler/NoesisToolkit.XamlCompiler.csproj" />
    <Project Path="src/NoesisToolkit.Analyzers/NoesisToolkit.Analyzers.csproj" />
    <Project Path="src/NoesisToolkit.Mvvm/NoesisToolkit.Mvvm.csproj" />
    <Project Path="src/NoesisToolkit.Mvvm.Generators/NoesisToolkit.Mvvm.Generators.csproj" />
  </Folder>
  <Folder Name="/tests/">
    <Project Path="tests/NoesisToolkit.Tests/NoesisToolkit.Tests.csproj" />
    <Project Path="tests/NoesisToolkit.Equivalence.Tests/NoesisToolkit.Equivalence.Tests.csproj" />
  </Folder>
</Solution>
